
Microsoft Visual Studio Solution File, Format Version 12.00
Project("{2150E333-8FDC-42A3-9474-1A3956D46DE8}") = "Microservices", "Microservices", "{97E89D17-0EF5-472E-B14B-56D5693D3713}"
EndProject
Project("{FAE04EC0-301F-11D3-BF4B-00C04F79EFBC}") = "ProductService", "ProductService\ProductService.csproj", "{FA89BF2D-4CC2-4D96-998E-6E5875AA6F99}"
EndProject
Project("{FAE04EC0-301F-11D3-BF4B-00C04F79EFBC}") = "Tests", "Tests\Tests.csproj", "{3367AD72-B0F9-43DC-AF68-6C4B39E7A020}"
EndProject
Global
	GlobalSection(SolutionConfigurationPlatforms) = preSolution
		Debug|Any CPU = Debug|Any CPU
		Release|Any CPU = Release|Any CPU
	EndGlobalSection
	GlobalSection(NestedProjects) = preSolution
		{FA89BF2D-4CC2-4D96-998E-6E5875AA6F99} = {97E89D17-0EF5-472E-B14B-56D5693D3713}
	EndGlobalSection
	GlobalSection(ProjectConfigurationPlatforms) = postSolution
		{FA89BF2D-4CC2-4D96-998E-6E5875AA6F99}.Debug|Any CPU.ActiveCfg = Debug|Any CPU
		{FA89BF2D-4CC2-4D96-998E-6E5875AA6F99}.Debug|Any CPU.Build.0 = Debug|Any CPU
		{FA89BF2D-4CC2-4D96-998E-6E5875AA6F99}.Release|Any CPU.ActiveCfg = Release|Any CPU
		{FA89BF2D-4CC2-4D96-998E-6E5875AA6F99}.Release|Any CPU.Build.0 = Release|Any CPU
		{3367AD72-B0F9-43DC-AF68-6C4B39E7A020}.Debug|Any CPU.ActiveCfg = Debug|Any CPU
		{3367AD72-B0F9-43DC-AF68-6C4B39E7A020}.Debug|Any CPU.Build.0 = Debug|Any CPU
		{3367AD72-B0F9-43DC-AF68-6C4B39E7A020}.Release|Any CPU.ActiveCfg = Release|Any CPU
		{3367AD72-B0F9-43DC-AF68-6C4B39E7A020}.Release|Any CPU.Build.0 = Release|Any CPU
	EndGlobalSection
EndGlobal
